{
  "version": 4,
  "terraform_version": "1.3.4",
  "serial": 420,
  "lineage": "6bb51408-6810-be67-2b28-d1fd01a0861e",
  "outputs": {
    "load_balancer_dns": {
      "value": "tf-lb-20230604063703045300000003-1769744807.us-east-1.elb.amazonaws.com",
      "type": "string"
    }
  },
  "resources": [
    {
      "mode": "data",
      "type": "aws_ami",
      "name": "amazon",
      "provider": "provider[\"registry.terraform.io/hashicorp/aws\"]",
      "instances": [
        {
          "schema_version": 0,
          "attributes": {
            "architecture": "x86_64",
            "arn": "arn:aws:ec2:us-east-1::image/ami-0806bc468ce3a22ec",
            "block_device_mappings": [
              {
                "device_name": "/dev/xvda",
                "ebs": {
                  "delete_on_termination": "true",
                  "encrypted": "false",
                  "iops": "0",
                  "snapshot_id": "snap-02ce2bd61e6bbe26e",
                  "throughput": "0",
                  "volume_size": "8",
                  "volume_type": "gp2"
                },
                "no_device": "",
                "virtual_name": ""
              }
            ],
            "boot_mode": "",
            "creation_date": "2023-05-19T00:12:40.000Z",
            "deprecation_time": "2025-05-19T00:12:40.000Z",
            "description": "Amazon Linux 2 AMI 2.0.20230515.0 x86_64 HVM gp2",
            "ena_support": true,
            "executable_users": null,
            "filter": [
              {
                "name": "architecture",
                "values": [
                  "x86_64"
                ]
              },
              {
                "name": "name",
                "values": [
                  "amzn2-ami-hvm-*"
                ]
              },
              {
                "name": "virtualization-type",
                "values": [
                  "hvm"
                ]
              }
            ],
            "hypervisor": "xen",
            "id": "ami-0806bc468ce3a22ec",
            "image_id": "ami-0806bc468ce3a22ec",
            "image_location": "amazon/amzn2-ami-hvm-2.0.20230515.0-x86_64-gp2",
            "image_owner_alias": "amazon",
            "image_type": "machine",
            "imds_support": "",
            "include_deprecated": false,
            "kernel_id": "",
            "most_recent": true,
            "name": "amzn2-ami-hvm-2.0.20230515.0-x86_64-gp2",
            "name_regex": null,
            "owner_id": "137112412989",
            "owners": [
              "amazon"
            ],
            "platform": "",
            "platform_details": "Linux/UNIX",
            "product_codes": [],
            "public": true,
            "ramdisk_id": "",
            "root_device_name": "/dev/xvda",
            "root_device_type": "ebs",
            "root_snapshot_id": "snap-02ce2bd61e6bbe26e",
            "sriov_net_support": "simple",
            "state": "available",
            "state_reason": {
              "code": "UNSET",
              "message": "UNSET"
            },
            "tags": {},
            "timeouts": null,
            "tpm_support": "",
            "usage_operation": "RunInstances",
            "virtualization_type": "hvm"
          },
          "sensitive_attributes": []
        }
      ]
    },
    {
      "mode": "managed",
      "type": "aws_eip",
      "name": "eip",
      "provider": "provider[\"registry.terraform.io/hashicorp/aws\"]",
      "instances": [
        {
          "index_key": 0,
          "schema_version": 0,
          "attributes": {
            "address": null,
            "allocation_id": "eipalloc-0f4a7c3cfca6521ea",
            "associate_with_private_ip": null,
            "association_id": "",
            "carrier_ip": "",
            "customer_owned_ip": "",
            "customer_owned_ipv4_pool": "",
            "domain": "vpc",
            "id": "eipalloc-0f4a7c3cfca6521ea",
            "instance": "",
            "network_border_group": "us-east-1",
            "network_interface": "",
            "private_dns": null,
            "private_ip": "",
            "public_dns": "ec2-35-168-134-110.compute-1.amazonaws.com",
            "public_ip": "35.168.134.110",
            "public_ipv4_pool": "amazon",
            "tags": {
              "Name": "eip_0"
            },
            "tags_all": {
              "Name": "eip_0"
            },
            "timeouts": null,
            "vpc": true
          },
          "sensitive_attributes": [],
          "private": "eyJlMmJmYjczMC1lY2FhLTExZTYtOGY4OC0zNDM2M2JjN2M0YzAiOnsiZGVsZXRlIjoxODAwMDAwMDAwMDAsInJlYWQiOjkwMDAwMDAwMDAwMCwidXBkYXRlIjozMDAwMDAwMDAwMDB9fQ==",
          "dependencies": [
            "aws_internet_gateway.quick_start_gw",
            "aws_vpc.quick_start_vpc"
          ]
        },
        {
          "index_key": 1,
          "schema_version": 0,
          "attributes": {
            "address": null,
            "allocation_id": "eipalloc-06d3cbf3b98f8a1d3",
            "associate_with_private_ip": null,
            "association_id": "",
            "carrier_ip": "",
            "customer_owned_ip": "",
            "customer_owned_ipv4_pool": "",
            "domain": "vpc",
            "id": "eipalloc-06d3cbf3b98f8a1d3",
            "instance": "",
            "network_border_group": "us-east-1",
            "network_interface": "",
            "private_dns": null,
            "private_ip": "",
            "public_dns": "ec2-3-211-109-136.compute-1.amazonaws.com",
            "public_ip": "3.211.109.136",
            "public_ipv4_pool": "amazon",
            "tags": {
              "Name": "eip_1"
            },
            "tags_all": {
              "Name": "eip_1"
            },
            "timeouts": null,
            "vpc": true
          },
          "sensitive_attributes": [],
          "private": "eyJlMmJmYjczMC1lY2FhLTExZTYtOGY4OC0zNDM2M2JjN2M0YzAiOnsiZGVsZXRlIjoxODAwMDAwMDAwMDAsInJlYWQiOjkwMDAwMDAwMDAwMCwidXBkYXRlIjozMDAwMDAwMDAwMDB9fQ==",
          "dependencies": [
            "aws_internet_gateway.quick_start_gw",
            "aws_vpc.quick_start_vpc"
          ]
        }
      ]
    },
    {
      "mode": "managed",
      "type": "aws_instance",
      "name": "bastion_host",
      "provider": "provider[\"registry.terraform.io/hashicorp/aws\"]",
      "instances": [
        {
          "schema_version": 1,
          "attributes": {
            "ami": "ami-0806bc468ce3a22ec",
            "arn": "arn:aws:ec2:us-east-1:967906495397:instance/i-0dccb3a418985ead5",
            "associate_public_ip_address": true,
            "availability_zone": "us-east-1a",
            "capacity_reservation_specification": [
              {
                "capacity_reservation_preference": "open",
                "capacity_reservation_target": []
              }
            ],
            "cpu_core_count": 1,
            "cpu_options": [
              {
                "amd_sev_snp": "",
                "core_count": 1,
                "threads_per_core": 1
              }
            ],
            "cpu_threads_per_core": 1,
            "credit_specification": [
              {
                "cpu_credits": "standard"
              }
            ],
            "disable_api_stop": false,
            "disable_api_termination": false,
            "ebs_block_device": [],
            "ebs_optimized": false,
            "enclave_options": [
              {
                "enabled": false
              }
            ],
            "ephemeral_block_device": [],
            "get_password_data": false,
            "hibernation": false,
            "host_id": "",
            "host_resource_group_arn": null,
            "iam_instance_profile": "",
            "id": "i-0dccb3a418985ead5",
            "instance_initiated_shutdown_behavior": "stop",
            "instance_state": "running",
            "instance_type": "t2.micro",
            "ipv6_address_count": 0,
            "ipv6_addresses": [],
            "key_name": "",
            "launch_template": [],
            "maintenance_options": [
              {
                "auto_recovery": "default"
              }
            ],
            "metadata_options": [
              {
                "http_endpoint": "enabled",
                "http_put_response_hop_limit": 1,
                "http_tokens": "optional",
                "instance_metadata_tags": "disabled"
              }
            ],
            "monitoring": false,
            "network_interface": [],
            "outpost_arn": "",
            "password_data": "",
            "placement_group": "",
            "placement_partition_number": 0,
            "primary_network_interface_id": "eni-0a44fb5174b2001a1",
            "private_dns": "ip-10-0-2-180.ec2.internal",
            "private_dns_name_options": [
              {
                "enable_resource_name_dns_a_record": false,
                "enable_resource_name_dns_aaaa_record": false,
                "hostname_type": "ip-name"
              }
            ],
            "private_ip": "10.0.2.180",
            "public_dns": "ec2-100-24-99-117.compute-1.amazonaws.com",
            "public_ip": "100.24.99.117",
            "root_block_device": [
              {
                "delete_on_termination": true,
                "device_name": "/dev/xvda",
                "encrypted": false,
                "iops": 100,
                "kms_key_id": "",
                "tags": {},
                "throughput": 0,
                "volume_id": "vol-0642b868e9ba3a44e",
                "volume_size": 8,
                "volume_type": "gp2"
              }
            ],
            "secondary_private_ips": [],
            "security_groups": [
              "sg-055b5b233ea9a6b5f"
            ],
            "source_dest_check": true,
            "subnet_id": "subnet-0a06c4c19d3b9a212",
            "tags": {
              "Name": "Bastion-host"
            },
            "tags_all": {
              "Name": "Bastion-host"
            },
            "tenancy": "default",
            "timeouts": null,
            "user_data": null,
            "user_data_base64": null,
            "user_data_replace_on_change": false,
            "volume_tags": null,
            "vpc_security_group_ids": [
              "sg-055b5b233ea9a6b5f"
            ]
          },
          "sensitive_attributes": [],
          "private": "eyJlMmJmYjczMC1lY2FhLTExZTYtOGY4OC0zNDM2M2JjN2M0YzAiOnsiY3JlYXRlIjo2MDAwMDAwMDAwMDAsImRlbGV0ZSI6MTIwMDAwMDAwMDAwMCwidXBkYXRlIjo2MDAwMDAwMDAwMDB9LCJzY2hlbWFfdmVyc2lvbiI6IjEifQ==",
          "dependencies": [
            "aws_security_group.SG_allow_ssh",
            "aws_subnet.public_network",
            "aws_vpc.quick_start_vpc",
            "data.aws_ami.amazon"
          ]
        }
      ]
    },
    {
      "mode": "managed",
      "type": "aws_instance",
      "name": "web_server",
      "provider": "provider[\"registry.terraform.io/hashicorp/aws\"]",
      "instances": [
        {
          "schema_version": 1,
          "attributes": {
            "ami": "ami-0806bc468ce3a22ec",
            "arn": "arn:aws:ec2:us-east-1:967906495397:instance/i-0c675c10a381628b2",
            "associate_public_ip_address": false,
            "availability_zone": "us-east-1a",
            "capacity_reservation_specification": [
              {
                "capacity_reservation_preference": "open",
                "capacity_reservation_target": []
              }
            ],
            "cpu_core_count": 1,
            "cpu_options": [
              {
                "amd_sev_snp": "",
                "core_count": 1,
                "threads_per_core": 1
              }
            ],
            "cpu_threads_per_core": 1,
            "credit_specification": [
              {
                "cpu_credits": "standard"
              }
            ],
            "disable_api_stop": false,
            "disable_api_termination": false,
            "ebs_block_device": [],
            "ebs_optimized": false,
            "enclave_options": [
              {
                "enabled": false
              }
            ],
            "ephemeral_block_device": [],
            "get_password_data": false,
            "hibernation": false,
            "host_id": "",
            "host_resource_group_arn": null,
            "iam_instance_profile": "",
            "id": "i-0c675c10a381628b2",
            "instance_initiated_shutdown_behavior": "stop",
            "instance_state": "running",
            "instance_type": "t2.micro",
            "ipv6_address_count": 0,
            "ipv6_addresses": [],
            "key_name": "instance_ssh_key",
            "launch_template": [],
            "maintenance_options": [
              {
                "auto_recovery": "default"
              }
            ],
            "metadata_options": [
              {
                "http_endpoint": "enabled",
                "http_put_response_hop_limit": 1,
                "http_tokens": "optional",
                "instance_metadata_tags": "disabled"
              }
            ],
            "monitoring": false,
            "network_interface": [],
            "outpost_arn": "",
            "password_data": "",
            "placement_group": "",
            "placement_partition_number": 0,
            "primary_network_interface_id": "eni-0bb8a7864310fdb7f",
            "private_dns": "ip-10-0-0-25.ec2.internal",
            "private_dns_name_options": [
              {
                "enable_resource_name_dns_a_record": false,
                "enable_resource_name_dns_aaaa_record": false,
                "hostname_type": "ip-name"
              }
            ],
            "private_ip": "10.0.0.25",
            "public_dns": "",
            "public_ip": "",
            "root_block_device": [
              {
                "delete_on_termination": true,
                "device_name": "/dev/xvda",
                "encrypted": false,
                "iops": 100,
                "kms_key_id": "",
                "tags": {},
                "throughput": 0,
                "volume_id": "vol-0be329971ff9ed6d8",
                "volume_size": 8,
                "volume_type": "gp2"
              }
            ],
            "secondary_private_ips": [],
            "security_groups": [
              "sg-02540efcc703ee27d",
              "sg-055b5b233ea9a6b5f"
            ],
            "source_dest_check": true,
            "subnet_id": "subnet-0d7ecc7dbd1fc7968",
            "tags": {
              "Name": "Web Server"
            },
            "tags_all": {
              "Name": "Web Server"
            },
            "tenancy": "default",
            "timeouts": null,
            "user_data": "f6bbfa8b2d882fa7f1f85d52ea1ae8ee029de5b2",
            "user_data_base64": null,
            "user_data_replace_on_change": false,
            "volume_tags": null,
            "vpc_security_group_ids": [
              "sg-02540efcc703ee27d",
              "sg-055b5b233ea9a6b5f"
            ]
          },
          "sensitive_attributes": [],
          "private": "eyJlMmJmYjczMC1lY2FhLTExZTYtOGY4OC0zNDM2M2JjN2M0YzAiOnsiY3JlYXRlIjo2MDAwMDAwMDAwMDAsImRlbGV0ZSI6MTIwMDAwMDAwMDAwMCwidXBkYXRlIjo2MDAwMDAwMDAwMDB9LCJzY2hlbWFfdmVyc2lvbiI6IjEifQ==",
          "dependencies": [
            "aws_key_pair.generated_key",
            "aws_security_group.SG_allow_ssh",
            "aws_security_group.allow_http",
            "aws_subnet.private_network",
            "aws_vpc.quick_start_vpc",
            "data.aws_ami.amazon",
            "tls_private_key.instance_key"
          ]
        }
      ]
    },
    {
      "mode": "managed",
      "type": "aws_internet_gateway",
      "name": "quick_start_gw",
      "provider": "provider[\"registry.terraform.io/hashicorp/aws\"]",
      "instances": [
        {
          "schema_version": 0,
          "attributes": {
            "arn": "arn:aws:ec2:us-east-1:967906495397:internet-gateway/igw-018ff5edfcef28ece",
            "id": "igw-018ff5edfcef28ece",
            "owner_id": "967906495397",
            "tags": null,
            "tags_all": {},
            "timeouts": null,
            "vpc_id": "vpc-0c75ba0ad3969614b"
          },
          "sensitive_attributes": [],
          "private": "eyJlMmJmYjczMC1lY2FhLTExZTYtOGY4OC0zNDM2M2JjN2M0YzAiOnsiY3JlYXRlIjoxMjAwMDAwMDAwMDAwLCJkZWxldGUiOjEyMDAwMDAwMDAwMDAsInVwZGF0ZSI6MTIwMDAwMDAwMDAwMH19",
          "dependencies": [
            "aws_vpc.quick_start_vpc"
          ]
        }
      ]
    },
    {
      "mode": "managed",
      "type": "aws_key_pair",
      "name": "generated_key",
      "provider": "provider[\"registry.terraform.io/hashicorp/aws\"]",
      "instances": [
        {
          "schema_version": 1,
          "attributes": {
            "arn": "arn:aws:ec2:us-east-1:967906495397:key-pair/instance_ssh_key",
            "fingerprint": "18:ad:68:19:af:d0:6d:ad:e6:a5:66:52:1e:04:6d:ce",
            "id": "instance_ssh_key",
            "key_name": "instance_ssh_key",
            "key_name_prefix": "",
            "key_pair_id": "key-0f1591c7911f9210e",
            "key_type": "rsa",
            "public_key": "ssh-rsa AAAAB3NzaC1yc2EAAAADAQABAAACAQDuuj7eYTOHVrE6RaClB2Dq/fGpx3dTB/bWPilwjcQVyTMgVH+jG9lHlUEJ+FXnwk/OA6md1hWSZ7bJu7cDzf8lkAY9PNXHJ0eqRQHGAtnKrLXLq7Hzb0cSBSZb/qiJ68iQ+jWi7Die/OUL1reTGpIQkNDc5nTWv9iXc+/2JGWKfbPROMKWFnZj0MjH7441YfsTl8Qdsov0e8PxXlkgY07dRATnsBtRo0dNQWTqdbvUEq+7DEnqvpK4MISxKBHJWxUB0U0CRn6qdXRB5zGmnGkDwSSYzcey7Lstmqk8HdTTa3jt1hGkJSuFw/xDI841QjmNRE8UBOXLYYWZAiTtrK+7XcCUwHAO8ViMWz7WxMZMWNcZpadNHNVEf7sGk+AMgT8IafTvLdMBTPzFx+2NQbcB+ZkP0CRgyckrrxX282j5GsuDGLCHJV8Ki1o26X+t0Y/yjVqiyjuPu86WBbcXR5J9tWDy51ogTKqCDGRDEHygz3jguNNC5Kkna6S/1k6r3J+42CP8cUM6w5Nt9qIZdvuhmVA47Rr5RuBgk6irUDWc6olv2hLlJ9oOEBhqVTd/tC5CJL/d96KnPPrjHvo9fL/nJq//wcBjmObZtwBjeJfhFlH9B//k6Cv4O/JhF6rXWNOFJ+7tkrjvTp1KYZ+qNZ8P1/sg/mxAHsr8V4vE09+R3w==",
            "tags": null,
            "tags_all": {}
          },
          "sensitive_attributes": [],
          "private": "eyJzY2hlbWFfdmVyc2lvbiI6IjEifQ==",
          "dependencies": [
            "tls_private_key.instance_key"
          ]
        }
      ]
    },
    {
      "mode": "managed",
      "type": "aws_lb",
      "name": "quick_start_lb",
      "provider": "provider[\"registry.terraform.io/hashicorp/aws\"]",
      "instances": [
        {
          "schema_version": 0,
          "attributes": {
            "access_logs": [
              {
                "bucket": "",
                "enabled": false,
                "prefix": ""
              }
            ],
            "arn": "arn:aws:elasticloadbalancing:us-east-1:967906495397:loadbalancer/app/tf-lb-20230604063703045300000003/b880a5a955f4aa57",
            "arn_suffix": "app/tf-lb-20230604063703045300000003/b880a5a955f4aa57",
            "customer_owned_ipv4_pool": "",
            "desync_mitigation_mode": "defensive",
            "dns_name": "tf-lb-20230604063703045300000003-1769744807.us-east-1.elb.amazonaws.com",
            "drop_invalid_header_fields": false,
            "enable_cross_zone_load_balancing": true,
            "enable_deletion_protection": false,
            "enable_http2": true,
            "enable_tls_version_and_cipher_suite_headers": false,
            "enable_waf_fail_open": false,
            "enable_xff_client_port": false,
            "id": "arn:aws:elasticloadbalancing:us-east-1:967906495397:loadbalancer/app/tf-lb-20230604063703045300000003/b880a5a955f4aa57",
            "idle_timeout": 60,
            "internal": false,
            "ip_address_type": "ipv4",
            "load_balancer_type": "application",
            "name": "tf-lb-20230604063703045300000003",
            "name_prefix": null,
            "preserve_host_header": false,
            "security_groups": [
              "sg-02540efcc703ee27d"
            ],
            "subnet_mapping": [
              {
                "allocation_id": "",
                "ipv6_address": "",
                "outpost_id": "",
                "private_ipv4_address": "",
                "subnet_id": "subnet-0a06c4c19d3b9a212"
              },
              {
                "allocation_id": "",
                "ipv6_address": "",
                "outpost_id": "",
                "private_ipv4_address": "",
                "subnet_id": "subnet-0b5821d635582e58a"
              }
            ],
            "subnets": [
              "subnet-0a06c4c19d3b9a212",
              "subnet-0b5821d635582e58a"
            ],
            "tags": null,
            "tags_all": {},
            "timeouts": null,
            "vpc_id": "vpc-0c75ba0ad3969614b",
            "xff_header_processing_mode": "append",
            "zone_id": "Z35SXDOTRQ7X7K"
          },
          "sensitive_attributes": [],
          "private": "eyJlMmJmYjczMC1lY2FhLTExZTYtOGY4OC0zNDM2M2JjN2M0YzAiOnsiY3JlYXRlIjo2MDAwMDAwMDAwMDAsImRlbGV0ZSI6NjAwMDAwMDAwMDAwLCJ1cGRhdGUiOjYwMDAwMDAwMDAwMH19",
          "dependencies": [
            "aws_security_group.allow_http",
            "aws_subnet.public_network",
            "aws_vpc.quick_start_vpc"
          ]
        }
      ]
    },
    {
      "mode": "managed",
      "type": "aws_lb_listener",
      "name": "front_end",
      "provider": "provider[\"registry.terraform.io/hashicorp/aws\"]",
      "instances": [
        {
          "schema_version": 0,
          "attributes": {
            "alpn_policy": null,
            "arn": "arn:aws:elasticloadbalancing:us-east-1:967906495397:listener/app/tf-lb-20230604063703045300000003/b880a5a955f4aa57/d91ca4e78e915259",
            "certificate_arn": null,
            "default_action": [
              {
                "authenticate_cognito": [],
                "authenticate_oidc": [],
                "fixed_response": [],
                "forward": [],
                "order": 1,
                "redirect": [],
                "target_group_arn": "arn:aws:elasticloadbalancing:us-east-1:967906495397:targetgroup/tg-webserver/c9488c450430b4a2",
                "type": "forward"
              }
            ],
            "id": "arn:aws:elasticloadbalancing:us-east-1:967906495397:listener/app/tf-lb-20230604063703045300000003/b880a5a955f4aa57/d91ca4e78e915259",
            "load_balancer_arn": "arn:aws:elasticloadbalancing:us-east-1:967906495397:loadbalancer/app/tf-lb-20230604063703045300000003/b880a5a955f4aa57",
            "port": 80,
            "protocol": "HTTP",
            "ssl_policy": "",
            "tags": null,
            "tags_all": {},
            "timeouts": null
          },
          "sensitive_attributes": [],
          "private": "eyJlMmJmYjczMC1lY2FhLTExZTYtOGY4OC0zNDM2M2JjN2M0YzAiOnsicmVhZCI6NjAwMDAwMDAwMDAwfX0=",
          "dependencies": [
            "aws_lb.quick_start_lb",
            "aws_lb_target_group.tg_webserver",
            "aws_security_group.allow_http",
            "aws_subnet.public_network",
            "aws_vpc.quick_start_vpc"
          ]
        }
      ]
    },
    {
      "mode": "managed",
      "type": "aws_lb_target_group",
      "name": "tg_webserver",
      "provider": "provider[\"registry.terraform.io/hashicorp/aws\"]",
      "instances": [
        {
          "schema_version": 0,
          "attributes": {
            "arn": "arn:aws:elasticloadbalancing:us-east-1:967906495397:targetgroup/tg-webserver/c9488c450430b4a2",
            "arn_suffix": "targetgroup/tg-webserver/c9488c450430b4a2",
            "connection_termination": false,
            "deregistration_delay": "300",
            "health_check": [
              {
                "enabled": true,
                "healthy_threshold": 3,
                "interval": 30,
                "matcher": "200",
                "path": "/",
                "port": "traffic-port",
                "protocol": "HTTP",
                "timeout": 5,
                "unhealthy_threshold": 3
              }
            ],
            "id": "arn:aws:elasticloadbalancing:us-east-1:967906495397:targetgroup/tg-webserver/c9488c450430b4a2",
            "ip_address_type": "ipv4",
            "lambda_multi_value_headers_enabled": false,
            "load_balancing_algorithm_type": "round_robin",
            "load_balancing_cross_zone_enabled": "use_load_balancer_configuration",
            "name": "tg-webserver",
            "name_prefix": null,
            "port": 80,
            "preserve_client_ip": null,
            "protocol": "HTTP",
            "protocol_version": "HTTP1",
            "proxy_protocol_v2": false,
            "slow_start": 0,
            "stickiness": [
              {
                "cookie_duration": 86400,
                "cookie_name": "",
                "enabled": false,
                "type": "lb_cookie"
              }
            ],
            "tags": null,
            "tags_all": {},
            "target_failover": [
              {
                "on_deregistration": null,
                "on_unhealthy": null
              }
            ],
            "target_type": "instance",
            "vpc_id": "vpc-0c75ba0ad3969614b"
          },
          "sensitive_attributes": [],
          "private": "bnVsbA==",
          "dependencies": [
            "aws_vpc.quick_start_vpc"
          ]
        }
      ]
    },
    {
      "mode": "managed",
      "type": "aws_lb_target_group_attachment",
      "name": "tg_webserver_attachment",
      "provider": "provider[\"registry.terraform.io/hashicorp/aws\"]",
      "instances": [
        {
          "schema_version": 0,
          "attributes": {
            "availability_zone": null,
            "id": "arn:aws:elasticloadbalancing:us-east-1:967906495397:targetgroup/tg-webserver/c9488c450430b4a2-20230604063736648100000006",
            "port": 80,
            "target_group_arn": "arn:aws:elasticloadbalancing:us-east-1:967906495397:targetgroup/tg-webserver/c9488c450430b4a2",
            "target_id": "i-0c675c10a381628b2"
          },
          "sensitive_attributes": [],
          "private": "bnVsbA==",
          "dependencies": [
            "aws_instance.web_server",
            "aws_key_pair.generated_key",
            "aws_lb_target_group.tg_webserver",
            "aws_security_group.SG_allow_ssh",
            "aws_security_group.allow_http",
            "aws_subnet.private_network",
            "aws_vpc.quick_start_vpc",
            "data.aws_ami.amazon",
            "tls_private_key.instance_key"
          ]
        }
      ]
    },
    {
      "mode": "managed",
      "type": "aws_nat_gateway",
      "name": "nat_gateway",
      "provider": "provider[\"registry.terraform.io/hashicorp/aws\"]",
      "instances": [
        {
          "index_key": 0,
          "schema_version": 0,
          "attributes": {
            "allocation_id": "eipalloc-0f4a7c3cfca6521ea",
            "association_id": "eipassoc-0439d96f2e761758e",
            "connectivity_type": "public",
            "id": "nat-05384b301299ce30c",
            "network_interface_id": "eni-0cc19aa9712ccf39d",
            "private_ip": "10.0.2.203",
            "public_ip": "35.168.134.110",
            "subnet_id": "subnet-0a06c4c19d3b9a212",
            "tags": {
              "Name": "Nat Gateway 0"
            },
            "tags_all": {
              "Name": "Nat Gateway 0"
            }
          },
          "sensitive_attributes": [],
          "private": "bnVsbA==",
          "dependencies": [
            "aws_eip.eip",
            "aws_internet_gateway.quick_start_gw",
            "aws_subnet.public_network",
            "aws_vpc.quick_start_vpc"
          ]
        },
        {
          "index_key": 1,
          "schema_version": 0,
          "attributes": {
            "allocation_id": "eipalloc-06d3cbf3b98f8a1d3",
            "association_id": "eipassoc-089f56e4fd8d016cf",
            "connectivity_type": "public",
            "id": "nat-093fa2e50bbe668bb",
            "network_interface_id": "eni-0300ae103f972eb6c",
            "private_ip": "10.0.3.41",
            "public_ip": "3.211.109.136",
            "subnet_id": "subnet-0b5821d635582e58a",
            "tags": {
              "Name": "Nat Gateway 1"
            },
            "tags_all": {
              "Name": "Nat Gateway 1"
            }
          },
          "sensitive_attributes": [],
          "private": "bnVsbA==",
          "dependencies": [
            "aws_eip.eip",
            "aws_internet_gateway.quick_start_gw",
            "aws_subnet.public_network",
            "aws_vpc.quick_start_vpc"
          ]
        }
      ]
    },
    {
      "mode": "managed",
      "type": "aws_route_table",
      "name": "private_route_table",
      "provider": "provider[\"registry.terraform.io/hashicorp/aws\"]",
      "instances": [
        {
          "index_key": 0,
          "schema_version": 0,
          "attributes": {
            "arn": "arn:aws:ec2:us-east-1:967906495397:route-table/rtb-0983dbc29e37f7af7",
            "id": "rtb-0983dbc29e37f7af7",
            "owner_id": "967906495397",
            "propagating_vgws": [],
            "route": [
              {
                "carrier_gateway_id": "",
                "cidr_block": "0.0.0.0/0",
                "core_network_arn": "",
                "destination_prefix_list_id": "",
                "egress_only_gateway_id": "",
                "gateway_id": "",
                "instance_id": "",
                "ipv6_cidr_block": "",
                "local_gateway_id": "",
                "nat_gateway_id": "nat-05384b301299ce30c",
                "network_interface_id": "",
                "transit_gateway_id": "",
                "vpc_endpoint_id": "",
                "vpc_peering_connection_id": ""
              }
            ],
            "tags": null,
            "tags_all": {},
            "timeouts": null,
            "vpc_id": "vpc-0c75ba0ad3969614b"
          },
          "sensitive_attributes": [],
          "private": "eyJlMmJmYjczMC1lY2FhLTExZTYtOGY4OC0zNDM2M2JjN2M0YzAiOnsiY3JlYXRlIjozMDAwMDAwMDAwMDAsImRlbGV0ZSI6MzAwMDAwMDAwMDAwLCJ1cGRhdGUiOjEyMDAwMDAwMDAwMH19",
          "dependencies": [
            "aws_eip.eip",
            "aws_internet_gateway.quick_start_gw",
            "aws_nat_gateway.nat_gateway",
            "aws_subnet.public_network",
            "aws_vpc.quick_start_vpc"
          ]
        },
        {
          "index_key": 1,
          "schema_version": 0,
          "attributes": {
            "arn": "arn:aws:ec2:us-east-1:967906495397:route-table/rtb-017e57d4021377164",
            "id": "rtb-017e57d4021377164",
            "owner_id": "967906495397",
            "propagating_vgws": [],
            "route": [
              {
                "carrier_gateway_id": "",
                "cidr_block": "0.0.0.0/0",
                "core_network_arn": "",
                "destination_prefix_list_id": "",
                "egress_only_gateway_id": "",
                "gateway_id": "",
                "instance_id": "",
                "ipv6_cidr_block": "",
                "local_gateway_id": "",
                "nat_gateway_id": "nat-093fa2e50bbe668bb",
                "network_interface_id": "",
                "transit_gateway_id": "",
                "vpc_endpoint_id": "",
                "vpc_peering_connection_id": ""
              }
            ],
            "tags": null,
            "tags_all": {},
            "timeouts": null,
            "vpc_id": "vpc-0c75ba0ad3969614b"
          },
          "sensitive_attributes": [],
          "private": "eyJlMmJmYjczMC1lY2FhLTExZTYtOGY4OC0zNDM2M2JjN2M0YzAiOnsiY3JlYXRlIjozMDAwMDAwMDAwMDAsImRlbGV0ZSI6MzAwMDAwMDAwMDAwLCJ1cGRhdGUiOjEyMDAwMDAwMDAwMH19",
          "dependencies": [
            "aws_eip.eip",
            "aws_internet_gateway.quick_start_gw",
            "aws_nat_gateway.nat_gateway",
            "aws_subnet.public_network",
            "aws_vpc.quick_start_vpc"
          ]
        }
      ]
    },
    {
      "mode": "managed",
      "type": "aws_route_table",
      "name": "public_route_table",
      "provider": "provider[\"registry.terraform.io/hashicorp/aws\"]",
      "instances": [
        {
          "schema_version": 0,
          "attributes": {
            "arn": "arn:aws:ec2:us-east-1:967906495397:route-table/rtb-00609ee7a23766d29",
            "id": "rtb-00609ee7a23766d29",
            "owner_id": "967906495397",
            "propagating_vgws": [],
            "route": [
              {
                "carrier_gateway_id": "",
                "cidr_block": "0.0.0.0/0",
                "core_network_arn": "",
                "destination_prefix_list_id": "",
                "egress_only_gateway_id": "",
                "gateway_id": "igw-018ff5edfcef28ece",
                "instance_id": "",
                "ipv6_cidr_block": "",
                "local_gateway_id": "",
                "nat_gateway_id": "",
                "network_interface_id": "",
                "transit_gateway_id": "",
                "vpc_endpoint_id": "",
                "vpc_peering_connection_id": ""
              }
            ],
            "tags": null,
            "tags_all": {},
            "timeouts": null,
            "vpc_id": "vpc-0c75ba0ad3969614b"
          },
          "sensitive_attributes": [],
          "private": "eyJlMmJmYjczMC1lY2FhLTExZTYtOGY4OC0zNDM2M2JjN2M0YzAiOnsiY3JlYXRlIjozMDAwMDAwMDAwMDAsImRlbGV0ZSI6MzAwMDAwMDAwMDAwLCJ1cGRhdGUiOjEyMDAwMDAwMDAwMH19",
          "dependencies": [
            "aws_internet_gateway.quick_start_gw",
            "aws_vpc.quick_start_vpc"
          ]
        }
      ]
    },
    {
      "mode": "managed",
      "type": "aws_route_table_association",
      "name": "private_route_table_association",
      "provider": "provider[\"registry.terraform.io/hashicorp/aws\"]",
      "instances": [
        {
          "index_key": 0,
          "schema_version": 0,
          "attributes": {
            "gateway_id": "",
            "id": "rtbassoc-087881563eba97f45",
            "route_table_id": "rtb-0983dbc29e37f7af7",
            "subnet_id": "subnet-0d7ecc7dbd1fc7968",
            "timeouts": null
          },
          "sensitive_attributes": [],
          "private": "eyJlMmJmYjczMC1lY2FhLTExZTYtOGY4OC0zNDM2M2JjN2M0YzAiOnsiY3JlYXRlIjozMDAwMDAwMDAwMDAsImRlbGV0ZSI6MzAwMDAwMDAwMDAwLCJ1cGRhdGUiOjEyMDAwMDAwMDAwMH19",
          "dependencies": [
            "aws_eip.eip",
            "aws_internet_gateway.quick_start_gw",
            "aws_nat_gateway.nat_gateway",
            "aws_route_table.private_route_table",
            "aws_subnet.private_network",
            "aws_subnet.public_network",
            "aws_vpc.quick_start_vpc"
          ]
        },
        {
          "index_key": 1,
          "schema_version": 0,
          "attributes": {
            "gateway_id": "",
            "id": "rtbassoc-017be3b1670a90615",
            "route_table_id": "rtb-017e57d4021377164",
            "subnet_id": "subnet-09480d21d572c757e",
            "timeouts": null
          },
          "sensitive_attributes": [],
          "private": "eyJlMmJmYjczMC1lY2FhLTExZTYtOGY4OC0zNDM2M2JjN2M0YzAiOnsiY3JlYXRlIjozMDAwMDAwMDAwMDAsImRlbGV0ZSI6MzAwMDAwMDAwMDAwLCJ1cGRhdGUiOjEyMDAwMDAwMDAwMH19",
          "dependencies": [
            "aws_eip.eip",
            "aws_internet_gateway.quick_start_gw",
            "aws_nat_gateway.nat_gateway",
            "aws_route_table.private_route_table",
            "aws_subnet.private_network",
            "aws_subnet.public_network",
            "aws_vpc.quick_start_vpc"
          ]
        }
      ]
    },
    {
      "mode": "managed",
      "type": "aws_route_table_association",
      "name": "public_rta",
      "provider": "provider[\"registry.terraform.io/hashicorp/aws\"]",
      "instances": [
        {
          "index_key": 0,
          "schema_version": 0,
          "attributes": {
            "gateway_id": "",
            "id": "rtbassoc-00c7991f78b1b2c94",
            "route_table_id": "rtb-00609ee7a23766d29",
            "subnet_id": "subnet-0a06c4c19d3b9a212",
            "timeouts": null
          },
          "sensitive_attributes": [],
          "private": "eyJlMmJmYjczMC1lY2FhLTExZTYtOGY4OC0zNDM2M2JjN2M0YzAiOnsiY3JlYXRlIjozMDAwMDAwMDAwMDAsImRlbGV0ZSI6MzAwMDAwMDAwMDAwLCJ1cGRhdGUiOjEyMDAwMDAwMDAwMH19",
          "dependencies": [
            "aws_internet_gateway.quick_start_gw",
            "aws_route_table.public_route_table",
            "aws_subnet.public_network",
            "aws_vpc.quick_start_vpc"
          ]
        },
        {
          "index_key": 1,
          "schema_version": 0,
          "attributes": {
            "gateway_id": "",
            "id": "rtbassoc-033113ee1818ec4a8",
            "route_table_id": "rtb-00609ee7a23766d29",
            "subnet_id": "subnet-0b5821d635582e58a",
            "timeouts": null
          },
          "sensitive_attributes": [],
          "private": "eyJlMmJmYjczMC1lY2FhLTExZTYtOGY4OC0zNDM2M2JjN2M0YzAiOnsiY3JlYXRlIjozMDAwMDAwMDAwMDAsImRlbGV0ZSI6MzAwMDAwMDAwMDAwLCJ1cGRhdGUiOjEyMDAwMDAwMDAwMH19",
          "dependencies": [
            "aws_internet_gateway.quick_start_gw",
            "aws_route_table.public_route_table",
            "aws_subnet.public_network",
            "aws_vpc.quick_start_vpc"
          ]
        }
      ]
    },
    {
      "mode": "managed",
      "type": "aws_security_group",
      "name": "SG_allow_ssh",
      "provider": "provider[\"registry.terraform.io/hashicorp/aws\"]",
      "instances": [
        {
          "schema_version": 1,
          "attributes": {
            "arn": "arn:aws:ec2:us-east-1:967906495397:security-group/sg-055b5b233ea9a6b5f",
            "description": "Allow ssh traffic",
            "egress": [
              {
                "cidr_blocks": [
                  "0.0.0.0/0"
                ],
                "description": "",
                "from_port": 0,
                "ipv6_cidr_blocks": [],
                "prefix_list_ids": [],
                "protocol": "-1",
                "security_groups": [],
                "self": false,
                "to_port": 0
              }
            ],
            "id": "sg-055b5b233ea9a6b5f",
            "ingress": [
              {
                "cidr_blocks": [
                  "0.0.0.0/0"
                ],
                "description": "SSH connection",
                "from_port": 0,
                "ipv6_cidr_blocks": [],
                "prefix_list_ids": [],
                "protocol": "tcp",
                "security_groups": [],
                "self": false,
                "to_port": 22
              }
            ],
            "name": "Allow SSH Bastion",
            "name_prefix": "",
            "owner_id": "967906495397",
            "revoke_rules_on_delete": false,
            "tags": null,
            "tags_all": {},
            "timeouts": null,
            "vpc_id": "vpc-0c75ba0ad3969614b"
          },
          "sensitive_attributes": [],
          "private": "eyJlMmJmYjczMC1lY2FhLTExZTYtOGY4OC0zNDM2M2JjN2M0YzAiOnsiY3JlYXRlIjo2MDAwMDAwMDAwMDAsImRlbGV0ZSI6OTAwMDAwMDAwMDAwfSwic2NoZW1hX3ZlcnNpb24iOiIxIn0=",
          "dependencies": [
            "aws_vpc.quick_start_vpc"
          ]
        }
      ]
    },
    {
      "mode": "managed",
      "type": "aws_security_group",
      "name": "allow_http",
      "provider": "provider[\"registry.terraform.io/hashicorp/aws\"]",
      "instances": [
        {
          "schema_version": 1,
          "attributes": {
            "arn": "arn:aws:ec2:us-east-1:967906495397:security-group/sg-02540efcc703ee27d",
            "description": "Allow HTTP traffic",
            "egress": [
              {
                "cidr_blocks": [
                  "0.0.0.0/0"
                ],
                "description": "",
                "from_port": 0,
                "ipv6_cidr_blocks": [],
                "prefix_list_ids": [],
                "protocol": "-1",
                "security_groups": [],
                "self": false,
                "to_port": 0
              }
            ],
            "id": "sg-02540efcc703ee27d",
            "ingress": [
              {
                "cidr_blocks": [
                  "0.0.0.0/0"
                ],
                "description": "HTTP from Internet",
                "from_port": 0,
                "ipv6_cidr_blocks": [],
                "prefix_list_ids": [],
                "protocol": "tcp",
                "security_groups": [],
                "self": false,
                "to_port": 80
              }
            ],
            "name": "allow HTTP",
            "name_prefix": "",
            "owner_id": "967906495397",
            "revoke_rules_on_delete": false,
            "tags": null,
            "tags_all": {},
            "timeouts": null,
            "vpc_id": "vpc-0c75ba0ad3969614b"
          },
          "sensitive_attributes": [],
          "private": "eyJlMmJmYjczMC1lY2FhLTExZTYtOGY4OC0zNDM2M2JjN2M0YzAiOnsiY3JlYXRlIjo2MDAwMDAwMDAwMDAsImRlbGV0ZSI6OTAwMDAwMDAwMDAwfSwic2NoZW1hX3ZlcnNpb24iOiIxIn0=",
          "dependencies": [
            "aws_vpc.quick_start_vpc"
          ]
        }
      ]
    },
    {
      "mode": "managed",
      "type": "aws_subnet",
      "name": "private_network",
      "provider": "provider[\"registry.terraform.io/hashicorp/aws\"]",
      "instances": [
        {
          "index_key": 0,
          "schema_version": 1,
          "attributes": {
            "arn": "arn:aws:ec2:us-east-1:967906495397:subnet/subnet-0d7ecc7dbd1fc7968",
            "assign_ipv6_address_on_creation": false,
            "availability_zone": "us-east-1a",
            "availability_zone_id": "use1-az1",
            "cidr_block": "10.0.0.0/24",
            "customer_owned_ipv4_pool": "",
            "enable_dns64": false,
            "enable_lni_at_device_index": 0,
            "enable_resource_name_dns_a_record_on_launch": false,
            "enable_resource_name_dns_aaaa_record_on_launch": false,
            "id": "subnet-0d7ecc7dbd1fc7968",
            "ipv6_cidr_block": "",
            "ipv6_cidr_block_association_id": "",
            "ipv6_native": false,
            "map_customer_owned_ip_on_launch": false,
            "map_public_ip_on_launch": false,
            "outpost_arn": "",
            "owner_id": "967906495397",
            "private_dns_hostname_type_on_launch": "ip-name",
            "tags": {
              "Name": "private_subnet_0"
            },
            "tags_all": {
              "Name": "private_subnet_0"
            },
            "timeouts": null,
            "vpc_id": "vpc-0c75ba0ad3969614b"
          },
          "sensitive_attributes": [],
          "private": "eyJlMmJmYjczMC1lY2FhLTExZTYtOGY4OC0zNDM2M2JjN2M0YzAiOnsiY3JlYXRlIjo2MDAwMDAwMDAwMDAsImRlbGV0ZSI6MTIwMDAwMDAwMDAwMH0sInNjaGVtYV92ZXJzaW9uIjoiMSJ9",
          "dependencies": [
            "aws_vpc.quick_start_vpc"
          ]
        },
        {
          "index_key": 1,
          "schema_version": 1,
          "attributes": {
            "arn": "arn:aws:ec2:us-east-1:967906495397:subnet/subnet-09480d21d572c757e",
            "assign_ipv6_address_on_creation": false,
            "availability_zone": "us-east-1b",
            "availability_zone_id": "use1-az2",
            "cidr_block": "10.0.1.0/24",
            "customer_owned_ipv4_pool": "",
            "enable_dns64": false,
            "enable_lni_at_device_index": 0,
            "enable_resource_name_dns_a_record_on_launch": false,
            "enable_resource_name_dns_aaaa_record_on_launch": false,
            "id": "subnet-09480d21d572c757e",
            "ipv6_cidr_block": "",
            "ipv6_cidr_block_association_id": "",
            "ipv6_native": false,
            "map_customer_owned_ip_on_launch": false,
            "map_public_ip_on_launch": false,
            "outpost_arn": "",
            "owner_id": "967906495397",
            "private_dns_hostname_type_on_launch": "ip-name",
            "tags": {
              "Name": "private_subnet_1"
            },
            "tags_all": {
              "Name": "private_subnet_1"
            },
            "timeouts": null,
            "vpc_id": "vpc-0c75ba0ad3969614b"
          },
          "sensitive_attributes": [],
          "private": "eyJlMmJmYjczMC1lY2FhLTExZTYtOGY4OC0zNDM2M2JjN2M0YzAiOnsiY3JlYXRlIjo2MDAwMDAwMDAwMDAsImRlbGV0ZSI6MTIwMDAwMDAwMDAwMH0sInNjaGVtYV92ZXJzaW9uIjoiMSJ9",
          "dependencies": [
            "aws_vpc.quick_start_vpc"
          ]
        }
      ]
    },
    {
      "mode": "managed",
      "type": "aws_subnet",
      "name": "public_network",
      "provider": "provider[\"registry.terraform.io/hashicorp/aws\"]",
      "instances": [
        {
          "index_key": 0,
          "schema_version": 1,
          "attributes": {
            "arn": "arn:aws:ec2:us-east-1:967906495397:subnet/subnet-0a06c4c19d3b9a212",
            "assign_ipv6_address_on_creation": false,
            "availability_zone": "us-east-1a",
            "availability_zone_id": "use1-az1",
            "cidr_block": "10.0.2.0/24",
            "customer_owned_ipv4_pool": "",
            "enable_dns64": false,
            "enable_lni_at_device_index": 0,
            "enable_resource_name_dns_a_record_on_launch": false,
            "enable_resource_name_dns_aaaa_record_on_launch": false,
            "id": "subnet-0a06c4c19d3b9a212",
            "ipv6_cidr_block": "",
            "ipv6_cidr_block_association_id": "",
            "ipv6_native": false,
            "map_customer_owned_ip_on_launch": false,
            "map_public_ip_on_launch": false,
            "outpost_arn": "",
            "owner_id": "967906495397",
            "private_dns_hostname_type_on_launch": "ip-name",
            "tags": {
              "Name": "public_subnet_0"
            },
            "tags_all": {
              "Name": "public_subnet_0"
            },
            "timeouts": null,
            "vpc_id": "vpc-0c75ba0ad3969614b"
          },
          "sensitive_attributes": [],
          "private": "eyJlMmJmYjczMC1lY2FhLTExZTYtOGY4OC0zNDM2M2JjN2M0YzAiOnsiY3JlYXRlIjo2MDAwMDAwMDAwMDAsImRlbGV0ZSI6MTIwMDAwMDAwMDAwMH0sInNjaGVtYV92ZXJzaW9uIjoiMSJ9",
          "dependencies": [
            "aws_vpc.quick_start_vpc"
          ]
        },
        {
          "index_key": 1,
          "schema_version": 1,
          "attributes": {
            "arn": "arn:aws:ec2:us-east-1:967906495397:subnet/subnet-0b5821d635582e58a",
            "assign_ipv6_address_on_creation": false,
            "availability_zone": "us-east-1b",
            "availability_zone_id": "use1-az2",
            "cidr_block": "10.0.3.0/24",
            "customer_owned_ipv4_pool": "",
            "enable_dns64": false,
            "enable_lni_at_device_index": 0,
            "enable_resource_name_dns_a_record_on_launch": false,
            "enable_resource_name_dns_aaaa_record_on_launch": false,
            "id": "subnet-0b5821d635582e58a",
            "ipv6_cidr_block": "",
            "ipv6_cidr_block_association_id": "",
            "ipv6_native": false,
            "map_customer_owned_ip_on_launch": false,
            "map_public_ip_on_launch": false,
            "outpost_arn": "",
            "owner_id": "967906495397",
            "private_dns_hostname_type_on_launch": "ip-name",
            "tags": {
              "Name": "public_subnet_1"
            },
            "tags_all": {
              "Name": "public_subnet_1"
            },
            "timeouts": null,
            "vpc_id": "vpc-0c75ba0ad3969614b"
          },
          "sensitive_attributes": [],
          "private": "eyJlMmJmYjczMC1lY2FhLTExZTYtOGY4OC0zNDM2M2JjN2M0YzAiOnsiY3JlYXRlIjo2MDAwMDAwMDAwMDAsImRlbGV0ZSI6MTIwMDAwMDAwMDAwMH0sInNjaGVtYV92ZXJzaW9uIjoiMSJ9",
          "dependencies": [
            "aws_vpc.quick_start_vpc"
          ]
        }
      ]
    },
    {
      "mode": "managed",
      "type": "aws_vpc",
      "name": "quick_start_vpc",
      "provider": "provider[\"registry.terraform.io/hashicorp/aws\"]",
      "instances": [
        {
          "schema_version": 1,
          "attributes": {
            "arn": "arn:aws:ec2:us-east-1:967906495397:vpc/vpc-0c75ba0ad3969614b",
            "assign_generated_ipv6_cidr_block": false,
            "cidr_block": "10.0.0.0/16",
            "default_network_acl_id": "acl-0240c4aefd34f0921",
            "default_route_table_id": "rtb-08e193a4888dd4720",
            "default_security_group_id": "sg-0ee77a8481c16e731",
            "dhcp_options_id": "dopt-071e5bacc54e1a0c7",
            "enable_classiclink": false,
            "enable_classiclink_dns_support": false,
            "enable_dns_hostnames": true,
            "enable_dns_support": true,
            "enable_network_address_usage_metrics": false,
            "id": "vpc-0c75ba0ad3969614b",
            "instance_tenancy": "default",
            "ipv4_ipam_pool_id": null,
            "ipv4_netmask_length": null,
            "ipv6_association_id": "",
            "ipv6_cidr_block": "",
            "ipv6_cidr_block_network_border_group": "",
            "ipv6_ipam_pool_id": "",
            "ipv6_netmask_length": 0,
            "main_route_table_id": "rtb-08e193a4888dd4720",
            "owner_id": "967906495397",
            "tags": null,
            "tags_all": {}
          },
          "sensitive_attributes": [],
          "private": "eyJzY2hlbWFfdmVyc2lvbiI6IjEifQ=="
        }
      ]
    },
    {
      "mode": "managed",
      "type": "local_file",
      "name": "local_key_pair",
      "provider": "provider[\"registry.terraform.io/hashicorp/local\"]",
      "instances": [
        {
          "schema_version": 0,
          "attributes": {
            "content": "-----BEGIN RSA PRIVATE KEY-----\nMIIJKQIBAAKCAgEA7ro+3mEzh1axOkWgpQdg6v3xqcd3Uwf21j4pcI3EFckzIFR/\noxvZR5VBCfhV58JPzgOpndYVkme2ybu3A83/JZAGPTzVxydHqkUBxgLZyqy1y6ux\n829HEgUmW/6oievIkPo1ouw4nvzlC9a3kxqSEJDQ3OZ01r/Yl3Pv9iRlin2z0TjC\nlhZ2Y9DIx++ONWH7E5fEHbKL9HvD8V5ZIGNO3UQE57AbUaNHTUFk6nW71BKvuwxJ\n6r6SuDCEsSgRyVsVAdFNAkZ+qnV0QecxppxpA8EkmM3Hsuy7LZqpPB3U02t47dYR\npCUrhcP8QyPONUI5jURPFATly2GFmQIk7ayvu13AlMBwDvFYjFs+1sTGTFjXGaWn\nTRzVRH+7BpPgDIE/CGn07y3TAUz8xcftjUG3AfmZD9AkYMnJK68V9vNo+RrLgxiw\nhyVfCotaNul/rdGP8o1aoso7j7vOlgW3F0eSfbVg8udaIEyqggxkQxB8oM944LjT\nQuSpJ2ukv9ZOq9yfuNgj/HFDOsOTbfaiGXb7oZlQOO0a+UbgYJOoq1A1nOqJb9oS\n5SfaDhAYalU3f7QuQiS/3feipzz64x76PXy/5yav/8HAY5jm2bcAY3iX4RZR/Qf/\n5Ogr+DvyYReq11jThSfu7ZK4706dSmGfqjWfD9f7IP5sQB7K/FeLxNPfkd8CAwEA\nAQKCAgAowAwJQ8ha+tZn3wjMAtVtZ4m/9HeO6dYdviCuwNRO77hVdXcQLanKSVT/\n0a9AT2/197QVaDzob+HIz80uzhQWol4eR+sqAq9+BieGWGg6635g1N8ccctM7Soe\nG/tDB8eFz+Al/nKv2PV0LuPJLYjvYPj2LDSXj8n2GGlGt/HJUSnHtgupOQ5efX44\netDoleAY+RgWBatUQWgyJGvMVodYx8qajfor1lZOfrIuP4ifa80pfbCEbKF45XdR\nEkju+Sg91i9yCvyGNmRw93kHOr3GUUrg9od3KGfPIg5vX5w7tqW+24LJZTrnq4u9\nHjiN6M8QKS/id++N5wi6FJ6fH5IjcjJZE7kYiBXeSNV5MRjoh0V4O4rpwm3yFGE8\nhyPv1Y+1Mmx1VEznQ/bJjhtytDzlbAdaD7TLCxXGd5K4u7nL9Lk+i3QIRRCsibgU\nSW9FFyeu6kLo2HgJ3E1Ni+FNNdFO0JtQlGVwB0rT6FG4aCcnDjEbTAZ2mXl3qgbu\nPKUpIQX8EWiaHYkhATa0agBjTcsLX+QdZ3vt9lTaMkP0YZTLEZyxn6I27YIbTlxU\ncCCH3X0aB82AwG9doTgowB/UnljdY53J/HSymClRgqm6f8wlOU1HlT0yaWQ1w7Q/\n4hrh1Jg9iGapGy5BPjUcp2CN+zrcC1MWjqax8xVgQAOWFUfSYQKCAQEA/SXqcokZ\nJRLrkLLMoKPMNgnG2V8jNmFuTo9cZJc0Rb3ojGc/d5VCHFWRhxZlvR99tNmWMwmS\nMXKe4Qmiacag3oEf1p839vdDl9iTxbdunawMrVwmeszHEsGr1yu3qeSE0mdCGZmE\nrPojOeQGI2ZuO5y3KK5FEGUEHkBB+9CpH4g2JMC6HQ5RjSTmHuj+GMlra+eDpNj0\n50Fw5IOZajkO1wEq9IcpThVrkdccESYhXin5+AZnZhjRh1Vqyseb1AH28uYhB+ic\nkRNLIWLlHTdeqclVe+LW74AJkeqbGW95VrxNiMLlrqbfxCu4DBclUATY0dYFWDSW\nH+HRM8+58z7fcQKCAQEA8Wq9kh1TdPBJSm080MRjb4f5afhcfPz9biAiLaBUY1Uf\n6H/wXSZNDJZTsqn2n2XYDClm0yjLcJ26hL9RzeJVtNZcd/IOdsPTEhCdUMge1d3D\ndYsI7AdRriB72vQn6g20AjVpsBJicY8GNpRzWLIrCnxEuRbENZymHfydzxBtAaA9\nFFqBaokcU7ToE0s8OY0ly0udvn2HAredntkggkFf0a2tuCvQuhilIxJmE86MWszY\ngSFXrUstgD2aAdlSgBbkrkfsLQvzfzCWNIOhm9Ncv0UPA/u+b+Go3u/qR04Qjw19\nILZUDS8ulVneBa/whhzCnEJPcOpfPWA5jCI9J+9+TwKCAQBvfAk6E8KtHx37BaM0\ng65lhfy6sjlRs6rekihAbI6qwC3v13CN+3+39r82XNjFZ173DHQnWem2OSJbPOD3\n8G/cTcV1wXzmGJL+BnVdt6DRc3nJxzFzF0f8rKo/ApPKEEemWa80kvVpMGffENrb\nMDsPqb7H/aeQxsv/fpEQkx5IMraVjQLp1Op5XGyz5CwzQlE6niTNrnZ8ecd7+7DO\npP4yFeOS+QtpxekvuyozKzW6wIXDgx56SifMkAON9kZcIdlds5eMYhbBlVubAnCg\nY0gfQfmRq564rwyH5GgV1Y/8cMU8m4iHWBpnzFErke3uxZOvJbAI3m/W7p4xUSQ1\nSdUhAoIBAQDXaQPf1XT7OdBbrZ7/NMz43p4o9Sgpil/jnJ6CkbXasED5ZvclVqCX\nY6cpG0jor6oYJ/UM4zCrusGL415t08/fvQnjKMPJKzAxxUtpojcJY4gdYMLEQD+c\nnHWHSCY5TKLa+aflKHJYm2LS3qERemC3SWzUrkDDCZSb2yVAdoqdUcpOV/d0BQWW\nlywg0xfYzl3zyPPm3gDS5t2ouFqufwCtikggtk/XTVhENA2LDNjlyDRC/GpMQXFH\nJTA/CBf6HPNNovVUuH47djIAh5dzACSYslkUl9Mz52mUCwTDPR+/VSzaPHZBEWGC\neB6IepWmRRFM9koGGcqDbFHM/VwOPz83AoIBAQDpLjjSqve7sDfNpVnxFCurUfs7\ncRnBrApqOkVc7aFZ67xFjBn0+gDJjONKlewM/Fx16kdNmL8niJ8iibvpQL/GPTyK\nWyDOepmzzou2LfgxIrutwVgrQ9fKcvfa9zWylctTo6gIlZ3S3iz2L9o1OWl1307E\nhIquB2Vq5HFeB6LXFSr7go8bB9B7IAUGOxdbZYh6JO2b+NX7IAnbZu/nhoOuhrqn\nS8dM+kUQt2gzzAzjkoKHN03+xBEiKniIQKFQT0VTQf+is23SCeeqyUGzJuZGNqy3\nSHKiQTXVhgjSk7/Q2Jyya/j6DEbHQkRiDbszZz6msk6z2gypgN6PvSH6BEQa\n-----END RSA PRIVATE KEY-----\n",
            "content_base64": null,
            "content_base64sha256": "MWF3Wsph68phEDFdosRduxV8IycQdPFQeW8GzNqpuIY=",
            "content_base64sha512": "czkCzkGjsmIK0ZKECmZ9uGHL9XtxApYGfsxj+KEiiLJSoTOvk48qnlftztr6cuCk+0Wd6aWnpuzDVCH0cSl2Mw==",
            "content_md5": "bf58bacc0b59d929da09eab8c34dad2a",
            "content_sha1": "6d602b97ce77d8f64409cb76c5724083f9c55896",
            "content_sha256": "3161775aca61ebca6110315da2c45dbb157c23271074f150796f06ccdaa9b886",
            "content_sha512": "733902ce41a3b2620ad192840a667db861cbf57b710296067ecc63f8a12288b252a133af938f2a9e57edcedafa72e0a4fb459de9a5a7a6ecc35421f471297633",
            "directory_permission": "0777",
            "file_permission": "0400",
            "filename": "instance_ssh_key.pem",
            "id": "6d602b97ce77d8f64409cb76c5724083f9c55896",
            "sensitive_content": null,
            "source": null
          },
          "sensitive_attributes": [
            [
              {
                "type": "get_attr",
                "value": "content"
              }
            ]
          ],
          "dependencies": [
            "tls_private_key.instance_key"
          ]
        }
      ]
    },
    {
      "mode": "managed",
      "type": "tls_private_key",
      "name": "instance_key",
      "provider": "provider[\"registry.terraform.io/hashicorp/tls\"]",
      "instances": [
        {
          "schema_version": 1,
          "attributes": {
            "algorithm": "RSA",
            "ecdsa_curve": "P224",
            "id": "af03fff11868ab9f5b72468e20932e03fbe7df93",
            "private_key_openssh": "-----BEGIN OPENSSH PRIVATE KEY-----\nb3BlbnNzaC1rZXktdjEAAAAABG5vbmUAAAAEbm9uZQAAAAAAAAABAAACFwAAAAdz\nc2gtcnNhAAAAAwEAAQAAAgEA7ro+3mEzh1axOkWgpQdg6v3xqcd3Uwf21j4pcI3E\nFckzIFR/oxvZR5VBCfhV58JPzgOpndYVkme2ybu3A83/JZAGPTzVxydHqkUBxgLZ\nyqy1y6ux829HEgUmW/6oievIkPo1ouw4nvzlC9a3kxqSEJDQ3OZ01r/Yl3Pv9iRl\nin2z0TjClhZ2Y9DIx++ONWH7E5fEHbKL9HvD8V5ZIGNO3UQE57AbUaNHTUFk6nW7\n1BKvuwxJ6r6SuDCEsSgRyVsVAdFNAkZ+qnV0QecxppxpA8EkmM3Hsuy7LZqpPB3U\n02t47dYRpCUrhcP8QyPONUI5jURPFATly2GFmQIk7ayvu13AlMBwDvFYjFs+1sTG\nTFjXGaWnTRzVRH+7BpPgDIE/CGn07y3TAUz8xcftjUG3AfmZD9AkYMnJK68V9vNo\n+RrLgxiwhyVfCotaNul/rdGP8o1aoso7j7vOlgW3F0eSfbVg8udaIEyqggxkQxB8\noM944LjTQuSpJ2ukv9ZOq9yfuNgj/HFDOsOTbfaiGXb7oZlQOO0a+UbgYJOoq1A1\nnOqJb9oS5SfaDhAYalU3f7QuQiS/3feipzz64x76PXy/5yav/8HAY5jm2bcAY3iX\n4RZR/Qf/5Ogr+DvyYReq11jThSfu7ZK4706dSmGfqjWfD9f7IP5sQB7K/FeLxNPf\nkd8AAAc44PcfD+D3Hw8AAAAHc3NoLXJzYQAAAgEA7ro+3mEzh1axOkWgpQdg6v3x\nqcd3Uwf21j4pcI3EFckzIFR/oxvZR5VBCfhV58JPzgOpndYVkme2ybu3A83/JZAG\nPTzVxydHqkUBxgLZyqy1y6ux829HEgUmW/6oievIkPo1ouw4nvzlC9a3kxqSEJDQ\n3OZ01r/Yl3Pv9iRlin2z0TjClhZ2Y9DIx++ONWH7E5fEHbKL9HvD8V5ZIGNO3UQE\n57AbUaNHTUFk6nW71BKvuwxJ6r6SuDCEsSgRyVsVAdFNAkZ+qnV0QecxppxpA8Ek\nmM3Hsuy7LZqpPB3U02t47dYRpCUrhcP8QyPONUI5jURPFATly2GFmQIk7ayvu13A\nlMBwDvFYjFs+1sTGTFjXGaWnTRzVRH+7BpPgDIE/CGn07y3TAUz8xcftjUG3AfmZ\nD9AkYMnJK68V9vNo+RrLgxiwhyVfCotaNul/rdGP8o1aoso7j7vOlgW3F0eSfbVg\n8udaIEyqggxkQxB8oM944LjTQuSpJ2ukv9ZOq9yfuNgj/HFDOsOTbfaiGXb7oZlQ\nOO0a+UbgYJOoq1A1nOqJb9oS5SfaDhAYalU3f7QuQiS/3feipzz64x76PXy/5yav\n/8HAY5jm2bcAY3iX4RZR/Qf/5Ogr+DvyYReq11jThSfu7ZK4706dSmGfqjWfD9f7\nIP5sQB7K/FeLxNPfkd8AAAADAQABAAACACjADAlDyFr61mffCMwC1W1nib/0d47p\n1h2+IK7A1E7vuFV1dxAtqcpJVP/Rr0BPb/X3tBVoPOhv4cjPzS7OFBaiXh5H6yoC\nr34GJ4ZYaDrrfmDU3xxxy0ztKh4b+0MHx4XP4CX+cq/Y9XQu48ktiO9g+PYsNJeP\nyfYYaUa38clRKce2C6k5Dl59fjh60OiV4Bj5GBYFq1RBaDIka8xWh1jHypqN+ivW\nVk5+si4/iJ9rzSl9sIRsoXjld1ESSO75KD3WL3IK/IY2ZHD3eQc6vcZRSuD2h3co\nZ88iDm9fnDu2pb7bgsllOueri70eOI3ozxApL+J3743nCLoUnp8fkiNyMlkTuRiI\nFd5I1XkxGOiHRXg7iunCbfIUYTyHI+/Vj7UybHVUTOdD9smOG3K0POVsB1oPtMsL\nFcZ3kri7ucv0uT6LdAhFEKyJuBRJb0UXJ67qQujYeAncTU2L4U010U7Qm1CUZXAH\nStPoUbhoJycOMRtMBnaZeXeqBu48pSkhBfwRaJodiSEBNrRqAGNNywtf5B1ne+32\nVNoyQ/RhlMsRnLGfojbtghtOXFRwIIfdfRoHzYDAb12hOCjAH9SeWN1jncn8dLKY\nKVGCqbp/zCU5TUeVPTJpZDXDtD/iGuHUmD2IZqkbLkE+NRynYI37OtwLUxaOprHz\nFWBAA5YVR9JhAAABAQDpLjjSqve7sDfNpVnxFCurUfs7cRnBrApqOkVc7aFZ67xF\njBn0+gDJjONKlewM/Fx16kdNmL8niJ8iibvpQL/GPTyKWyDOepmzzou2LfgxIrut\nwVgrQ9fKcvfa9zWylctTo6gIlZ3S3iz2L9o1OWl1307EhIquB2Vq5HFeB6LXFSr7\ngo8bB9B7IAUGOxdbZYh6JO2b+NX7IAnbZu/nhoOuhrqnS8dM+kUQt2gzzAzjkoKH\nN03+xBEiKniIQKFQT0VTQf+is23SCeeqyUGzJuZGNqy3SHKiQTXVhgjSk7/Q2Jyy\na/j6DEbHQkRiDbszZz6msk6z2gypgN6PvSH6BEQaAAABAQD9JepyiRklEuuQssyg\no8w2CcbZXyM2YW5Oj1xklzRFveiMZz93lUIcVZGHFmW9H3202ZYzCZIxcp7hCaJp\nxqDegR/Wnzf290OX2JPFt26drAytXCZ6zMcSwavXK7ep5ITSZ0IZmYSs+iM55AYj\nZm47nLcorkUQZQQeQEH70KkfiDYkwLodDlGNJOYe6P4YyWtr54Ok2PTnQXDkg5lq\nOQ7XASr0hylOFWuR1xwRJiFeKfn4BmdmGNGHVWrKx5vUAfby5iEH6JyRE0shYuUd\nN16pyVV74tbvgAmR6psZb3lWvE2IwuWupt/EK7gMFyVQBNjR1gVYNJYf4dEzz7nz\nPt9xAAABAQDxar2SHVN08ElKbTzQxGNvh/lp+Fx8/P1uICItoFRjVR/of/BdJk0M\nllOyqfafZdgMKWbTKMtwnbqEv1HN4lW01lx38g52w9MSEJ1QyB7V3cN1iwjsB1Gu\nIHva9CfqDbQCNWmwEmJxjwY2lHNYsisKfES5FsQ1nKYd/J3PEG0BoD0UWoFqiRxT\ntOgTSzw5jSXLS52+fYcCt52e2SCCQV/Rra24K9C6GKUjEmYTzoxazNiBIVetSy2A\nPZoB2VKAFuSuR+wtC/N/MJY0g6Gb01y/RQ8D+75v4aje7+pHThCPDX0gtlQNLy6V\nWd4Fr/CGHMKcQk9w6l89YDmMIj0n735PAAAAAAEC\n-----END OPENSSH PRIVATE KEY-----\n",
            "private_key_pem": "-----BEGIN RSA PRIVATE KEY-----\nMIIJKQIBAAKCAgEA7ro+3mEzh1axOkWgpQdg6v3xqcd3Uwf21j4pcI3EFckzIFR/\noxvZR5VBCfhV58JPzgOpndYVkme2ybu3A83/JZAGPTzVxydHqkUBxgLZyqy1y6ux\n829HEgUmW/6oievIkPo1ouw4nvzlC9a3kxqSEJDQ3OZ01r/Yl3Pv9iRlin2z0TjC\nlhZ2Y9DIx++ONWH7E5fEHbKL9HvD8V5ZIGNO3UQE57AbUaNHTUFk6nW71BKvuwxJ\n6r6SuDCEsSgRyVsVAdFNAkZ+qnV0QecxppxpA8EkmM3Hsuy7LZqpPB3U02t47dYR\npCUrhcP8QyPONUI5jURPFATly2GFmQIk7ayvu13AlMBwDvFYjFs+1sTGTFjXGaWn\nTRzVRH+7BpPgDIE/CGn07y3TAUz8xcftjUG3AfmZD9AkYMnJK68V9vNo+RrLgxiw\nhyVfCotaNul/rdGP8o1aoso7j7vOlgW3F0eSfbVg8udaIEyqggxkQxB8oM944LjT\nQuSpJ2ukv9ZOq9yfuNgj/HFDOsOTbfaiGXb7oZlQOO0a+UbgYJOoq1A1nOqJb9oS\n5SfaDhAYalU3f7QuQiS/3feipzz64x76PXy/5yav/8HAY5jm2bcAY3iX4RZR/Qf/\n5Ogr+DvyYReq11jThSfu7ZK4706dSmGfqjWfD9f7IP5sQB7K/FeLxNPfkd8CAwEA\nAQKCAgAowAwJQ8ha+tZn3wjMAtVtZ4m/9HeO6dYdviCuwNRO77hVdXcQLanKSVT/\n0a9AT2/197QVaDzob+HIz80uzhQWol4eR+sqAq9+BieGWGg6635g1N8ccctM7Soe\nG/tDB8eFz+Al/nKv2PV0LuPJLYjvYPj2LDSXj8n2GGlGt/HJUSnHtgupOQ5efX44\netDoleAY+RgWBatUQWgyJGvMVodYx8qajfor1lZOfrIuP4ifa80pfbCEbKF45XdR\nEkju+Sg91i9yCvyGNmRw93kHOr3GUUrg9od3KGfPIg5vX5w7tqW+24LJZTrnq4u9\nHjiN6M8QKS/id++N5wi6FJ6fH5IjcjJZE7kYiBXeSNV5MRjoh0V4O4rpwm3yFGE8\nhyPv1Y+1Mmx1VEznQ/bJjhtytDzlbAdaD7TLCxXGd5K4u7nL9Lk+i3QIRRCsibgU\nSW9FFyeu6kLo2HgJ3E1Ni+FNNdFO0JtQlGVwB0rT6FG4aCcnDjEbTAZ2mXl3qgbu\nPKUpIQX8EWiaHYkhATa0agBjTcsLX+QdZ3vt9lTaMkP0YZTLEZyxn6I27YIbTlxU\ncCCH3X0aB82AwG9doTgowB/UnljdY53J/HSymClRgqm6f8wlOU1HlT0yaWQ1w7Q/\n4hrh1Jg9iGapGy5BPjUcp2CN+zrcC1MWjqax8xVgQAOWFUfSYQKCAQEA/SXqcokZ\nJRLrkLLMoKPMNgnG2V8jNmFuTo9cZJc0Rb3ojGc/d5VCHFWRhxZlvR99tNmWMwmS\nMXKe4Qmiacag3oEf1p839vdDl9iTxbdunawMrVwmeszHEsGr1yu3qeSE0mdCGZmE\nrPojOeQGI2ZuO5y3KK5FEGUEHkBB+9CpH4g2JMC6HQ5RjSTmHuj+GMlra+eDpNj0\n50Fw5IOZajkO1wEq9IcpThVrkdccESYhXin5+AZnZhjRh1Vqyseb1AH28uYhB+ic\nkRNLIWLlHTdeqclVe+LW74AJkeqbGW95VrxNiMLlrqbfxCu4DBclUATY0dYFWDSW\nH+HRM8+58z7fcQKCAQEA8Wq9kh1TdPBJSm080MRjb4f5afhcfPz9biAiLaBUY1Uf\n6H/wXSZNDJZTsqn2n2XYDClm0yjLcJ26hL9RzeJVtNZcd/IOdsPTEhCdUMge1d3D\ndYsI7AdRriB72vQn6g20AjVpsBJicY8GNpRzWLIrCnxEuRbENZymHfydzxBtAaA9\nFFqBaokcU7ToE0s8OY0ly0udvn2HAredntkggkFf0a2tuCvQuhilIxJmE86MWszY\ngSFXrUstgD2aAdlSgBbkrkfsLQvzfzCWNIOhm9Ncv0UPA/u+b+Go3u/qR04Qjw19\nILZUDS8ulVneBa/whhzCnEJPcOpfPWA5jCI9J+9+TwKCAQBvfAk6E8KtHx37BaM0\ng65lhfy6sjlRs6rekihAbI6qwC3v13CN+3+39r82XNjFZ173DHQnWem2OSJbPOD3\n8G/cTcV1wXzmGJL+BnVdt6DRc3nJxzFzF0f8rKo/ApPKEEemWa80kvVpMGffENrb\nMDsPqb7H/aeQxsv/fpEQkx5IMraVjQLp1Op5XGyz5CwzQlE6niTNrnZ8ecd7+7DO\npP4yFeOS+QtpxekvuyozKzW6wIXDgx56SifMkAON9kZcIdlds5eMYhbBlVubAnCg\nY0gfQfmRq564rwyH5GgV1Y/8cMU8m4iHWBpnzFErke3uxZOvJbAI3m/W7p4xUSQ1\nSdUhAoIBAQDXaQPf1XT7OdBbrZ7/NMz43p4o9Sgpil/jnJ6CkbXasED5ZvclVqCX\nY6cpG0jor6oYJ/UM4zCrusGL415t08/fvQnjKMPJKzAxxUtpojcJY4gdYMLEQD+c\nnHWHSCY5TKLa+aflKHJYm2LS3qERemC3SWzUrkDDCZSb2yVAdoqdUcpOV/d0BQWW\nlywg0xfYzl3zyPPm3gDS5t2ouFqufwCtikggtk/XTVhENA2LDNjlyDRC/GpMQXFH\nJTA/CBf6HPNNovVUuH47djIAh5dzACSYslkUl9Mz52mUCwTDPR+/VSzaPHZBEWGC\neB6IepWmRRFM9koGGcqDbFHM/VwOPz83AoIBAQDpLjjSqve7sDfNpVnxFCurUfs7\ncRnBrApqOkVc7aFZ67xFjBn0+gDJjONKlewM/Fx16kdNmL8niJ8iibvpQL/GPTyK\nWyDOepmzzou2LfgxIrutwVgrQ9fKcvfa9zWylctTo6gIlZ3S3iz2L9o1OWl1307E\nhIquB2Vq5HFeB6LXFSr7go8bB9B7IAUGOxdbZYh6JO2b+NX7IAnbZu/nhoOuhrqn\nS8dM+kUQt2gzzAzjkoKHN03+xBEiKniIQKFQT0VTQf+is23SCeeqyUGzJuZGNqy3\nSHKiQTXVhgjSk7/Q2Jyya/j6DEbHQkRiDbszZz6msk6z2gypgN6PvSH6BEQa\n-----END RSA PRIVATE KEY-----\n",
            "private_key_pem_pkcs8": "-----BEGIN PRIVATE KEY-----\nMIIJQwIBADANBgkqhkiG9w0BAQEFAASCCS0wggkpAgEAAoICAQDuuj7eYTOHVrE6\nRaClB2Dq/fGpx3dTB/bWPilwjcQVyTMgVH+jG9lHlUEJ+FXnwk/OA6md1hWSZ7bJ\nu7cDzf8lkAY9PNXHJ0eqRQHGAtnKrLXLq7Hzb0cSBSZb/qiJ68iQ+jWi7Die/OUL\n1reTGpIQkNDc5nTWv9iXc+/2JGWKfbPROMKWFnZj0MjH7441YfsTl8Qdsov0e8Px\nXlkgY07dRATnsBtRo0dNQWTqdbvUEq+7DEnqvpK4MISxKBHJWxUB0U0CRn6qdXRB\n5zGmnGkDwSSYzcey7Lstmqk8HdTTa3jt1hGkJSuFw/xDI841QjmNRE8UBOXLYYWZ\nAiTtrK+7XcCUwHAO8ViMWz7WxMZMWNcZpadNHNVEf7sGk+AMgT8IafTvLdMBTPzF\nx+2NQbcB+ZkP0CRgyckrrxX282j5GsuDGLCHJV8Ki1o26X+t0Y/yjVqiyjuPu86W\nBbcXR5J9tWDy51ogTKqCDGRDEHygz3jguNNC5Kkna6S/1k6r3J+42CP8cUM6w5Nt\n9qIZdvuhmVA47Rr5RuBgk6irUDWc6olv2hLlJ9oOEBhqVTd/tC5CJL/d96KnPPrj\nHvo9fL/nJq//wcBjmObZtwBjeJfhFlH9B//k6Cv4O/JhF6rXWNOFJ+7tkrjvTp1K\nYZ+qNZ8P1/sg/mxAHsr8V4vE09+R3wIDAQABAoICACjADAlDyFr61mffCMwC1W1n\nib/0d47p1h2+IK7A1E7vuFV1dxAtqcpJVP/Rr0BPb/X3tBVoPOhv4cjPzS7OFBai\nXh5H6yoCr34GJ4ZYaDrrfmDU3xxxy0ztKh4b+0MHx4XP4CX+cq/Y9XQu48ktiO9g\n+PYsNJePyfYYaUa38clRKce2C6k5Dl59fjh60OiV4Bj5GBYFq1RBaDIka8xWh1jH\nypqN+ivWVk5+si4/iJ9rzSl9sIRsoXjld1ESSO75KD3WL3IK/IY2ZHD3eQc6vcZR\nSuD2h3coZ88iDm9fnDu2pb7bgsllOueri70eOI3ozxApL+J3743nCLoUnp8fkiNy\nMlkTuRiIFd5I1XkxGOiHRXg7iunCbfIUYTyHI+/Vj7UybHVUTOdD9smOG3K0POVs\nB1oPtMsLFcZ3kri7ucv0uT6LdAhFEKyJuBRJb0UXJ67qQujYeAncTU2L4U010U7Q\nm1CUZXAHStPoUbhoJycOMRtMBnaZeXeqBu48pSkhBfwRaJodiSEBNrRqAGNNywtf\n5B1ne+32VNoyQ/RhlMsRnLGfojbtghtOXFRwIIfdfRoHzYDAb12hOCjAH9SeWN1j\nncn8dLKYKVGCqbp/zCU5TUeVPTJpZDXDtD/iGuHUmD2IZqkbLkE+NRynYI37OtwL\nUxaOprHzFWBAA5YVR9JhAoIBAQD9JepyiRklEuuQssygo8w2CcbZXyM2YW5Oj1xk\nlzRFveiMZz93lUIcVZGHFmW9H3202ZYzCZIxcp7hCaJpxqDegR/Wnzf290OX2JPF\nt26drAytXCZ6zMcSwavXK7ep5ITSZ0IZmYSs+iM55AYjZm47nLcorkUQZQQeQEH7\n0KkfiDYkwLodDlGNJOYe6P4YyWtr54Ok2PTnQXDkg5lqOQ7XASr0hylOFWuR1xwR\nJiFeKfn4BmdmGNGHVWrKx5vUAfby5iEH6JyRE0shYuUdN16pyVV74tbvgAmR6psZ\nb3lWvE2IwuWupt/EK7gMFyVQBNjR1gVYNJYf4dEzz7nzPt9xAoIBAQDxar2SHVN0\n8ElKbTzQxGNvh/lp+Fx8/P1uICItoFRjVR/of/BdJk0MllOyqfafZdgMKWbTKMtw\nnbqEv1HN4lW01lx38g52w9MSEJ1QyB7V3cN1iwjsB1GuIHva9CfqDbQCNWmwEmJx\njwY2lHNYsisKfES5FsQ1nKYd/J3PEG0BoD0UWoFqiRxTtOgTSzw5jSXLS52+fYcC\nt52e2SCCQV/Rra24K9C6GKUjEmYTzoxazNiBIVetSy2APZoB2VKAFuSuR+wtC/N/\nMJY0g6Gb01y/RQ8D+75v4aje7+pHThCPDX0gtlQNLy6VWd4Fr/CGHMKcQk9w6l89\nYDmMIj0n735PAoIBAG98CToTwq0fHfsFozSDrmWF/LqyOVGzqt6SKEBsjqrALe/X\ncI37f7f2vzZc2MVnXvcMdCdZ6bY5Ils84Pfwb9xNxXXBfOYYkv4GdV23oNFzecnH\nMXMXR/ysqj8Ck8oQR6ZZrzSS9WkwZ98Q2tswOw+pvsf9p5DGy/9+kRCTHkgytpWN\nAunU6nlcbLPkLDNCUTqeJM2udnx5x3v7sM6k/jIV45L5C2nF6S+7KjMrNbrAhcOD\nHnpKJ8yQA432Rlwh2V2zl4xiFsGVW5sCcKBjSB9B+ZGrnrivDIfkaBXVj/xwxTyb\niIdYGmfMUSuR7e7Fk68lsAjeb9bunjFRJDVJ1SECggEBANdpA9/VdPs50Futnv80\nzPjenij1KCmKX+OcnoKRtdqwQPlm9yVWoJdjpykbSOivqhgn9QzjMKu6wYvjXm3T\nz9+9CeMow8krMDHFS2miNwljiB1gwsRAP5ycdYdIJjlMotr5p+UoclibYtLeoRF6\nYLdJbNSuQMMJlJvbJUB2ip1Ryk5X93QFBZaXLCDTF9jOXfPI8+beANLm3ai4Wq5/\nAK2KSCC2T9dNWEQ0DYsM2OXINEL8akxBcUclMD8IF/oc802i9VS4fjt2MgCHl3MA\nJJiyWRSX0zPnaZQLBMM9H79VLNo8dkERYYJ4Hoh6laZFEUz2SgYZyoNsUcz9XA4/\nPzcCggEBAOkuONKq97uwN82lWfEUK6tR+ztxGcGsCmo6RVztoVnrvEWMGfT6AMmM\n40qV7Az8XHXqR02YvyeInyKJu+lAv8Y9PIpbIM56mbPOi7Yt+DEiu63BWCtD18py\n99r3NbKVy1OjqAiVndLeLPYv2jU5aXXfTsSEiq4HZWrkcV4HotcVKvuCjxsH0Hsg\nBQY7F1tliHok7Zv41fsgCdtm7+eGg66GuqdLx0z6RRC3aDPMDOOSgoc3Tf7EESIq\neIhAoVBPRVNB/6KzbdIJ56rJQbMm5kY2rLdIcqJBNdWGCNKTv9DYnLJr+PoMRsdC\nRGINuzNnPqayTrPaDKmA3o+9IfoERBo=\n-----END PRIVATE KEY-----\n",
            "public_key_fingerprint_md5": "f5:cf:3d:41:21:10:8d:cb:f4:1e:b4:38:85:35:e7:06",
            "public_key_fingerprint_sha256": "SHA256:laFUIX655BqVq21AUiEs4nbVCsSIRQr11+k5jOxgORo",
            "public_key_openssh": "ssh-rsa AAAAB3NzaC1yc2EAAAADAQABAAACAQDuuj7eYTOHVrE6RaClB2Dq/fGpx3dTB/bWPilwjcQVyTMgVH+jG9lHlUEJ+FXnwk/OA6md1hWSZ7bJu7cDzf8lkAY9PNXHJ0eqRQHGAtnKrLXLq7Hzb0cSBSZb/qiJ68iQ+jWi7Die/OUL1reTGpIQkNDc5nTWv9iXc+/2JGWKfbPROMKWFnZj0MjH7441YfsTl8Qdsov0e8PxXlkgY07dRATnsBtRo0dNQWTqdbvUEq+7DEnqvpK4MISxKBHJWxUB0U0CRn6qdXRB5zGmnGkDwSSYzcey7Lstmqk8HdTTa3jt1hGkJSuFw/xDI841QjmNRE8UBOXLYYWZAiTtrK+7XcCUwHAO8ViMWz7WxMZMWNcZpadNHNVEf7sGk+AMgT8IafTvLdMBTPzFx+2NQbcB+ZkP0CRgyckrrxX282j5GsuDGLCHJV8Ki1o26X+t0Y/yjVqiyjuPu86WBbcXR5J9tWDy51ogTKqCDGRDEHygz3jguNNC5Kkna6S/1k6r3J+42CP8cUM6w5Nt9qIZdvuhmVA47Rr5RuBgk6irUDWc6olv2hLlJ9oOEBhqVTd/tC5CJL/d96KnPPrjHvo9fL/nJq//wcBjmObZtwBjeJfhFlH9B//k6Cv4O/JhF6rXWNOFJ+7tkrjvTp1KYZ+qNZ8P1/sg/mxAHsr8V4vE09+R3w==\n",
            "public_key_pem": "-----BEGIN PUBLIC KEY-----\nMIICIjANBgkqhkiG9w0BAQEFAAOCAg8AMIICCgKCAgEA7ro+3mEzh1axOkWgpQdg\n6v3xqcd3Uwf21j4pcI3EFckzIFR/oxvZR5VBCfhV58JPzgOpndYVkme2ybu3A83/\nJZAGPTzVxydHqkUBxgLZyqy1y6ux829HEgUmW/6oievIkPo1ouw4nvzlC9a3kxqS\nEJDQ3OZ01r/Yl3Pv9iRlin2z0TjClhZ2Y9DIx++ONWH7E5fEHbKL9HvD8V5ZIGNO\n3UQE57AbUaNHTUFk6nW71BKvuwxJ6r6SuDCEsSgRyVsVAdFNAkZ+qnV0Qecxppxp\nA8EkmM3Hsuy7LZqpPB3U02t47dYRpCUrhcP8QyPONUI5jURPFATly2GFmQIk7ayv\nu13AlMBwDvFYjFs+1sTGTFjXGaWnTRzVRH+7BpPgDIE/CGn07y3TAUz8xcftjUG3\nAfmZD9AkYMnJK68V9vNo+RrLgxiwhyVfCotaNul/rdGP8o1aoso7j7vOlgW3F0eS\nfbVg8udaIEyqggxkQxB8oM944LjTQuSpJ2ukv9ZOq9yfuNgj/HFDOsOTbfaiGXb7\noZlQOO0a+UbgYJOoq1A1nOqJb9oS5SfaDhAYalU3f7QuQiS/3feipzz64x76PXy/\n5yav/8HAY5jm2bcAY3iX4RZR/Qf/5Ogr+DvyYReq11jThSfu7ZK4706dSmGfqjWf\nD9f7IP5sQB7K/FeLxNPfkd8CAwEAAQ==\n-----END PUBLIC KEY-----\n",
            "rsa_bits": 4096
          },
          "sensitive_attributes": []
        }
      ]
    }
  ],
  "check_results": null
}
